// !$*UTF8*$!
{
	archiveVersion = 1;
	classes = {
	};
	objectVersion = 46;
	objects = {

/* Begin PBXBuildFile section */
		E21DFAD81D84854D00117EDC /* NetworkController.swift in Sources */ = {isa = PBXBuildFile; fileRef = E21DFAD71D84854D00117EDC /* NetworkController.swift */; };
		E21DFADA1D848A8F00117EDC /* WeatherController.swift in Sources */ = {isa = PBXBuildFile; fileRef = E21DFAD91D848A8F00117EDC /* WeatherController.swift */; };
		E22CDA561D8251D40087655E /* Weather.swift in Sources */ = {isa = PBXBuildFile; fileRef = E22CDA551D8251D40087655E /* Weather.swift */; };
		E2D4F9651D8247CA0029D65F /* AppDelegate.swift in Sources */ = {isa = PBXBuildFile; fileRef = E2D4F9641D8247CA0029D65F /* AppDelegate.swift */; };
		E2D4F96A1D8247CA0029D65F /* Main.storyboard in Resources */ = {isa = PBXBuildFile; fileRef = E2D4F9681D8247CA0029D65F /* Main.storyboard */; };
		E2D4F96C1D8247CA0029D65F /* Assets.xcassets in Resources */ = {isa = PBXBuildFile; fileRef = E2D4F96B1D8247CA0029D65F /* Assets.xcassets */; };
		E2D4F96F1D8247CA0029D65F /* LaunchScreen.storyboard in Resources */ = {isa = PBXBuildFile; fileRef = E2D4F96D1D8247CA0029D65F /* LaunchScreen.storyboard */; };
		E2D4F97A1D8247CA0029D65F /* WeatherTests.swift in Sources */ = {isa = PBXBuildFile; fileRef = E2D4F9791D8247CA0029D65F /* WeatherTests.swift */; };
		E2D4F9851D8247CA0029D65F /* WeatherUITests.swift in Sources */ = {isa = PBXBuildFile; fileRef = E2D4F9841D8247CA0029D65F /* WeatherUITests.swift */; };
		E2D4F9971D824D480029D65F /* WeatherViewController.swift in Sources */ = {isa = PBXBuildFile; fileRef = E2D4F9961D824D480029D65F /* WeatherViewController.swift */; };
/* End PBXBuildFile section */

/* Begin PBXContainerItemProxy section */
		E2D4F9761D8247CA0029D65F /* PBXContainerItemProxy */ = {
			isa = PBXContainerItemProxy;
			containerPortal = E2D4F9591D8247CA0029D65F /* Project object */;
			proxyType = 1;
			remoteGlobalIDString = E2D4F9601D8247CA0029D65F;
			remoteInfo = Weather;
		};
		E2D4F9811D8247CA0029D65F /* PBXContainerItemProxy */ = {
			isa = PBXContainerItemProxy;
			containerPortal = E2D4F9591D8247CA0029D65F /* Project object */;
			proxyType = 1;
			remoteGlobalIDString = E2D4F9601D8247CA0029D65F;
			remoteInfo = Weather;
		};
/* End PBXContainerItemProxy section */

/* Begin PBXFileReference section */
		E21DFAD71D84854D00117EDC /* NetworkController.swift */ = {isa = PBXFileReference; fileEncoding = 4; lastKnownFileType = sourcecode.swift; path = NetworkController.swift; sourceTree = "<group>"; };
		E21DFAD91D848A8F00117EDC /* WeatherController.swift */ = {isa = PBXFileReference; fileEncoding = 4; lastKnownFileType = sourcecode.swift; path = WeatherController.swift; sourceTree = "<group>"; };
		E22CDA551D8251D40087655E /* Weather.swift */ = {isa = PBXFileReference; fileEncoding = 4; lastKnownFileType = sourcecode.swift; path = Weather.swift; sourceTree = "<group>"; };
		E2D4F9611D8247CA0029D65F /* Weather.app */ = {isa = PBXFileReference; explicitFileType = wrapper.application; includeInIndex = 0; path = Weather.app; sourceTree = BUILT_PRODUCTS_DIR; };
		E2D4F9641D8247CA0029D65F /* AppDelegate.swift */ = {isa = PBXFileReference; lastKnownFileType = sourcecode.swift; path = AppDelegate.swift; sourceTree = "<group>"; };
		E2D4F9691D8247CA0029D65F /* Base */ = {isa = PBXFileReference; lastKnownFileType = file.storyboard; name = Base; path = Base.lproj/Main.storyboard; sourceTree = "<group>"; };
		E2D4F96B1D8247CA0029D65F /* Assets.xcassets */ = {isa = PBXFileReference; lastKnownFileType = folder.assetcatalog; path = Assets.xcassets; sourceTree = "<group>"; };
		E2D4F96E1D8247CA0029D65F /* Base */ = {isa = PBXFileReference; lastKnownFileType = file.storyboard; name = Base; path = Base.lproj/LaunchScreen.storyboard; sourceTree = "<group>"; };
		E2D4F9701D8247CA0029D65F /* Info.plist */ = {isa = PBXFileReference; lastKnownFileType = text.plist.xml; path = Info.plist; sourceTree = "<group>"; };
		E2D4F9751D8247CA0029D65F /* WeatherTests.xctest */ = {isa = PBXFileReference; explicitFileType = wrapper.cfbundle; includeInIndex = 0; path = WeatherTests.xctest; sourceTree = BUILT_PRODUCTS_DIR; };
		E2D4F9791D8247CA0029D65F /* WeatherTests.swift */ = {isa = PBXFileReference; lastKnownFileType = sourcecode.swift; path = WeatherTests.swift; sourceTree = "<group>"; };
		E2D4F97B1D8247CA0029D65F /* Info.plist */ = {isa = PBXFileReference; lastKnownFileType = text.plist.xml; path = Info.plist; sourceTree = "<group>"; };
		E2D4F9801D8247CA0029D65F /* WeatherUITests.xctest */ = {isa = PBXFileReference; explicitFileType = wrapper.cfbundle; includeInIndex = 0; path = WeatherUITests.xctest; sourceTree = BUILT_PRODUCTS_DIR; };
		E2D4F9841D8247CA0029D65F /* WeatherUITests.swift */ = {isa = PBXFileReference; lastKnownFileType = sourcecode.swift; path = WeatherUITests.swift; sourceTree = "<group>"; };
		E2D4F9861D8247CA0029D65F /* Info.plist */ = {isa = PBXFileReference; lastKnownFileType = text.plist.xml; path = Info.plist; sourceTree = "<group>"; };
		E2D4F9961D824D480029D65F /* WeatherViewController.swift */ = {isa = PBXFileReference; fileEncoding = 4; lastKnownFileType = sourcecode.swift; path = WeatherViewController.swift; sourceTree = "<group>"; };
/* End PBXFileReference section */

/* Begin PBXFrameworksBuildPhase section */
		E2D4F95E1D8247CA0029D65F /* Frameworks */ = {
			isa = PBXFrameworksBuildPhase;
			buildActionMask = 2147483647;
			files = (
			);
			runOnlyForDeploymentPostprocessing = 0;
		};
		E2D4F9721D8247CA0029D65F /* Frameworks */ = {
			isa = PBXFrameworksBuildPhase;
			buildActionMask = 2147483647;
			files = (
			);
			runOnlyForDeploymentPostprocessing = 0;
		};
		E2D4F97D1D8247CA0029D65F /* Frameworks */ = {
			isa = PBXFrameworksBuildPhase;
			buildActionMask = 2147483647;
			files = (
			);
			runOnlyForDeploymentPostprocessing = 0;
		};
/* End PBXFrameworksBuildPhase section */

/* Begin PBXGroup section */
		E2D4F9581D8247CA0029D65F = {
			isa = PBXGroup;
			children = (
				E2D4F9631D8247CA0029D65F /* Weather */,
				E2D4F9781D8247CA0029D65F /* WeatherTests */,
				E2D4F9831D8247CA0029D65F /* WeatherUITests */,
				E2D4F9621D8247CA0029D65F /* Products */,
			);
			sourceTree = "<group>";
		};
		E2D4F9621D8247CA0029D65F /* Products */ = {
			isa = PBXGroup;
			children = (
				E2D4F9611D8247CA0029D65F /* Weather.app */,
				E2D4F9751D8247CA0029D65F /* WeatherTests.xctest */,
				E2D4F9801D8247CA0029D65F /* WeatherUITests.xctest */,
			);
			name = Products;
			sourceTree = "<group>";
		};
		E2D4F9631D8247CA0029D65F /* Weather */ = {
			isa = PBXGroup;
			children = (
				E2D4F9941D824A400029D65F /* Model Controllers */,
				E2D4F9951D824A580029D65F /* Core */,
				E2D4F9931D824A310029D65F /* View Controllers */,
				E2D4F9921D824A250029D65F /* Model Objects */,
			);
			path = Weather;
			sourceTree = "<group>";
		};
		E2D4F9781D8247CA0029D65F /* WeatherTests */ = {
			isa = PBXGroup;
			children = (
				E2D4F9791D8247CA0029D65F /* WeatherTests.swift */,
				E2D4F97B1D8247CA0029D65F /* Info.plist */,
			);
			path = WeatherTests;
			sourceTree = "<group>";
		};
		E2D4F9831D8247CA0029D65F /* WeatherUITests */ = {
			isa = PBXGroup;
			children = (
				E2D4F9841D8247CA0029D65F /* WeatherUITests.swift */,
				E2D4F9861D8247CA0029D65F /* Info.plist */,
			);
			path = WeatherUITests;
			sourceTree = "<group>";
		};
		E2D4F9921D824A250029D65F /* Model Objects */ = {
			isa = PBXGroup;
			children = (
				E22CDA551D8251D40087655E /* Weather.swift */,
			);
			name = "Model Objects";
			sourceTree = "<group>";
		};
		E2D4F9931D824A310029D65F /* View Controllers */ = {
			isa = PBXGroup;
			children = (
				E2D4F9961D824D480029D65F /* WeatherViewController.swift */,
			);
			name = "View Controllers";
			sourceTree = "<group>";
		};
		E2D4F9941D824A400029D65F /* Model Controllers */ = {
			isa = PBXGroup;
			children = (
				E21DFAD71D84854D00117EDC /* NetworkController.swift */,
				E21DFAD91D848A8F00117EDC /* WeatherController.swift */,
			);
			name = "Model Controllers";
			sourceTree = "<group>";
		};
		E2D4F9951D824A580029D65F /* Core */ = {
			isa = PBXGroup;
			children = (
				E2D4F9681D8247CA0029D65F /* Main.storyboard */,
				E2D4F9641D8247CA0029D65F /* AppDelegate.swift */,
				E2D4F96B1D8247CA0029D65F /* Assets.xcassets */,
				E2D4F96D1D8247CA0029D65F /* LaunchScreen.storyboard */,
				E2D4F9701D8247CA0029D65F /* Info.plist */,
			);
			name = Core;
			sourceTree = "<group>";
		};
/* End PBXGroup section */

/* Begin PBXNativeTarget section */
		E2D4F9601D8247CA0029D65F /* Weather */ = {
			isa = PBXNativeTarget;
			buildConfigurationList = E2D4F9891D8247CA0029D65F /* Build configuration list for PBXNativeTarget "Weather" */;
			buildPhases = (
				E2D4F95D1D8247CA0029D65F /* Sources */,
				E2D4F95E1D8247CA0029D65F /* Frameworks */,
				E2D4F95F1D8247CA0029D65F /* Resources */,
			);
			buildRules = (
			);
			dependencies = (
			);
			name = Weather;
			productName = Weather;
			productReference = E2D4F9611D8247CA0029D65F /* Weather.app */;
			productType = "com.apple.product-type.application";
		};
		E2D4F9741D8247CA0029D65F /* WeatherTests */ = {
			isa = PBXNativeTarget;
			buildConfigurationList = E2D4F98C1D8247CA0029D65F /* Build configuration list for PBXNativeTarget "WeatherTests" */;
			buildPhases = (
				E2D4F9711D8247CA0029D65F /* Sources */,
				E2D4F9721D8247CA0029D65F /* Frameworks */,
				E2D4F9731D8247CA0029D65F /* Resources */,
			);
			buildRules = (
			);
			dependencies = (
				E2D4F9771D8247CA0029D65F /* PBXTargetDependency */,
			);
			name = WeatherTests;
			productName = WeatherTests;
			productReference = E2D4F9751D8247CA0029D65F /* WeatherTests.xctest */;
			productType = "com.apple.product-type.bundle.unit-test";
		};
		E2D4F97F1D8247CA0029D65F /* WeatherUITests */ = {
			isa = PBXNativeTarget;
			buildConfigurationList = E2D4F98F1D8247CA0029D65F /* Build configuration list for PBXNativeTarget "WeatherUITests" */;
			buildPhases = (
				E2D4F97C1D8247CA0029D65F /* Sources */,
				E2D4F97D1D8247CA0029D65F /* Frameworks */,
				E2D4F97E1D8247CA0029D65F /* Resources */,
			);
			buildRules = (
			);
			dependencies = (
				E2D4F9821D8247CA0029D65F /* PBXTargetDependency */,
			);
			name = WeatherUITests;
			productName = WeatherUITests;
			productReference = E2D4F9801D8247CA0029D65F /* WeatherUITests.xctest */;
			productType = "com.apple.product-type.bundle.ui-testing";
		};
/* End PBXNativeTarget section */

/* Begin PBXProject section */
		E2D4F9591D8247CA0029D65F /* Project object */ = {
			isa = PBXProject;
			attributes = {
				LastSwiftUpdateCheck = 0730;
				LastUpgradeCheck = 0730;
				ORGANIZATIONNAME = "JB Thompson";
				TargetAttributes = {
					E2D4F9601D8247CA0029D65F = {
						CreatedOnToolsVersion = 7.3.1;
						LastSwiftMigration = 0810;
					};
					E2D4F9741D8247CA0029D65F = {
						CreatedOnToolsVersion = 7.3.1;
						LastSwiftMigration = 0810;
						TestTargetID = E2D4F9601D8247CA0029D65F;
					};
					E2D4F97F1D8247CA0029D65F = {
						CreatedOnToolsVersion = 7.3.1;
						LastSwiftMigration = 0810;
						TestTargetID = E2D4F9601D8247CA0029D65F;
					};
				};
			};
			buildConfigurationList = E2D4F95C1D8247CA0029D65F /* Build configuration list for PBXProject "Weather" */;
			compatibilityVersion = "Xcode 3.2";
			developmentRegion = English;
			hasScannedForEncodings = 0;
			knownRegions = (
				en,
				Base,
			);
			mainGroup = E2D4F9581D8247CA0029D65F;
			productRefGroup = E2D4F9621D8247CA0029D65F /* Products */;
			projectDirPath = "";
			projectRoot = "";
			targets = (
				E2D4F9601D8247CA0029D65F /* Weather */,
				E2D4F9741D8247CA0029D65F /* WeatherTests */,
				E2D4F97F1D8247CA0029D65F /* WeatherUITests */,
			);
		};
/* End PBXProject section */

/* Begin PBXResourcesBuildPhase section */
		E2D4F95F1D8247CA0029D65F /* Resources */ = {
			isa = PBXResourcesBuildPhase;
			buildActionMask = 2147483647;
			files = (
				E2D4F96F1D8247CA0029D65F /* LaunchScreen.storyboard in Resources */,
				E2D4F96C1D8247CA0029D65F /* Assets.xcassets in Resources */,
				E2D4F96A1D8247CA0029D65F /* Main.storyboard in Resources */,
			);
			runOnlyForDeploymentPostprocessing = 0;
		};
		E2D4F9731D8247CA0029D65F /* Resources */ = {
			isa = PBXResourcesBuildPhase;
			buildActionMask = 2147483647;
			files = (
			);
			runOnlyForDeploymentPostprocessing = 0;
		};
		E2D4F97E1D8247CA0029D65F /* Resources */ = {
			isa = PBXResourcesBuildPhase;
			buildActionMask = 2147483647;
			files = (
			);
			runOnlyForDeploymentPostprocessing = 0;
		};
/* End PBXResourcesBuildPhase section */

/* Begin PBXSourcesBuildPhase section */
		E2D4F95D1D8247CA0029D65F /* Sources */ = {
			isa = PBXSourcesBuildPhase;
			buildActionMask = 2147483647;
			files = (
				E21DFAD81D84854D00117EDC /* NetworkController.swift in Sources */,
				E2D4F9971D824D480029D65F /* WeatherViewController.swift in Sources */,
				E22CDA561D8251D40087655E /* Weather.swift in Sources */,
				E2D4F9651D8247CA0029D65F /* AppDelegate.swift in Sources */,
				E21DFADA1D848A8F00117EDC /* WeatherController.swift in Sources */,
			);
			runOnlyForDeploymentPostprocessing = 0;
		};
		E2D4F9711D8247CA0029D65F /* Sources */ = {
			isa = PBXSourcesBuildPhase;
			buildActionMask = 2147483647;
			files = (
				E2D4F97A1D8247CA0029D65F /* WeatherTests.swift in Sources */,
			);
			runOnlyForDeploymentPostprocessing = 0;
		};
		E2D4F97C1D8247CA0029D65F /* Sources */ = {
			isa = PBXSourcesBuildPhase;
			buildActionMask = 2147483647;
			files = (
				E2D4F9851D8247CA0029D65F /* WeatherUITests.swift in Sources */,
			);
			runOnlyForDeploymentPostprocessing = 0;
		};
/* End PBXSourcesBuildPhase section */

/* Begin PBXTargetDependency section */
		E2D4F9771D8247CA0029D65F /* PBXTargetDependency */ = {
			isa = PBXTargetDependency;
			target = E2D4F9601D8247CA0029D65F /* Weather */;
			targetProxy = E2D4F9761D8247CA0029D65F /* PBXContainerItemProxy */;
		};
		E2D4F9821D8247CA0029D65F /* PBXTargetDependency */ = {
			isa = PBXTargetDependency;
			target = E2D4F9601D8247CA0029D65F /* Weather */;
			targetProxy = E2D4F9811D8247CA0029D65F /* PBXContainerItemProxy */;
		};
/* End PBXTargetDependency section */

/* Begin PBXVariantGroup section */
		E2D4F9681D8247CA0029D65F /* Main.storyboard */ = {
			isa = PBXVariantGroup;
			children = (
				E2D4F9691D8247CA0029D65F /* Base */,
			);
			name = Main.storyboard;
			sourceTree = "<group>";
		};
		E2D4F96D1D8247CA0029D65F /* LaunchScreen.storyboard */ = {
			isa = PBXVariantGroup;
			children = (
				E2D4F96E1D8247CA0029D65F /* Base */,
			);
			name = LaunchScreen.storyboard;
			sourceTree = "<group>";
		};
/* End PBXVariantGroup section */

/* Begin XCBuildConfiguration section */
		E2D4F9871D8247CA0029D65F /* Debug */ = {
			isa = XCBuildConfiguration;
			buildSettings = {
				ALWAYS_SEARCH_USER_PATHS = NO;
				CLANG_ANALYZER_NONNULL = YES;
				CLANG_CXX_LANGUAGE_STANDARD = "gnu++0x";
				CLANG_CXX_LIBRARY = "libc++";
				CLANG_ENABLE_MODULES = YES;
				CLANG_ENABLE_OBJC_ARC = YES;
				CLANG_WARN_BOOL_CONVERSION = YES;
				CLANG_WARN_CONSTANT_CONVERSION = YES;
				CLANG_WARN_DIRECT_OBJC_ISA_USAGE = YES_ERROR;
				CLANG_WARN_EMPTY_BODY = YES;
				CLANG_WARN_ENUM_CONVERSION = YES;
				CLANG_WARN_INT_CONVERSION = YES;
				CLANG_WARN_OBJC_ROOT_CLASS = YES_ERROR;
				CLANG_WARN_UNREACHABLE_CODE = YES;
				CLANG_WARN__DUPLICATE_METHOD_MATCH = YES;
				"CODE_SIGN_IDENTITY[sdk=iphoneos*]" = "iPhone Developer";
				COPY_PHASE_STRIP = NO;
				DEBUG_INFORMATION_FORMAT = dwarf;
				ENABLE_STRICT_OBJC_MSGSEND = YES;
				ENABLE_TESTABILITY = YES;
				GCC_C_LANGUAGE_STANDARD = gnu99;
				GCC_DYNAMIC_NO_PIC = NO;
				GCC_NO_COMMON_BLOCKS = YES;
				GCC_OPTIMIZATION_LEVEL = 0;
				GCC_PREPROCESSOR_DEFINITIONS = (
					"DEBUG=1",
					"$(inherited)",
				);
				GCC_WARN_64_TO_32_BIT_CONVERSION = YES;
				GCC_WARN_ABOUT_RETURN_TYPE = YES_ERROR;
				GCC_WARN_UNDECLARED_SELECTOR = YES;
				GCC_WARN_UNINITIALIZED_AUTOS = YES_AGGRESSIVE;
				GCC_WARN_UNUSED_FUNCTION = YES;
				GCC_WARN_UNUSED_VARIABLE = YES;
				IPHONEOS_DEPLOYMENT_TARGET = 9.3;
				MTL_ENABLE_DEBUG_INFO = YES;
				ONLY_ACTIVE_ARCH = YES;
				SDKROOT = iphoneos;
				SWIFT_OPTIMIZATION_LEVEL = "-Onone";
				TARGETED_DEVICE_FAMILY = "1,2";
			};
			name = Debug;
		};
		E2D4F9881D8247CA0029D65F /* Release */ = {
			isa = XCBuildConfiguration;
			buildSettings = {
				ALWAYS_SEARCH_USER_PATHS = NO;
				CLANG_ANALYZER_NONNULL = YES;
				CLANG_CXX_LANGUAGE_STANDARD = "gnu++0x";
				CLANG_CXX_LIBRARY = "libc++";
				CLANG_ENABLE_MODULES = YES;
				CLANG_ENABLE_OBJC_ARC = YES;
				CLANG_WARN_BOOL_CONVERSION = YES;
				CLANG_WARN_CONSTANT_CONVERSION = YES;
				CLANG_WARN_DIRECT_OBJC_ISA_USAGE = YES_ERROR;
				CLANG_WARN_EMPTY_BODY = YES;
				CLANG_WARN_ENUM_CONVERSION = YES;
				CLANG_WARN_INT_CONVERSION = YES;
				CLANG_WARN_OBJC_ROOT_CLASS = YES_ERROR;
				CLANG_WARN_UNREACHABLE_CODE = YES;
				CLANG_WARN__DUPLICATE_METHOD_MATCH = YES;
				"CODE_SIGN_IDENTITY[sdk=iphoneos*]" = "iPhone Developer";
				COPY_PHASE_STRIP = NO;
				DEBUG_INFORMATION_FORMAT = "dwarf-with-dsym";
				ENABLE_NS_ASSERTIONS = NO;
				ENABLE_STRICT_OBJC_MSGSEND = YES;
				GCC_C_LANGUAGE_STANDARD = gnu99;
				GCC_NO_COMMON_BLOCKS = YES;
				GCC_WARN_64_TO_32_BIT_CONVERSION = YES;
				GCC_WARN_ABOUT_RETURN_TYPE = YES_ERROR;
				GCC_WARN_UNDECLARED_SELECTOR = YES;
				GCC_WARN_UNINITIALIZED_AUTOS = YES_AGGRESSIVE;
				GCC_WARN_UNUSED_FUNCTION = YES;
				GCC_WARN_UNUSED_VARIABLE = YES;
				IPHONEOS_DEPLOYMENT_TARGET = 9.3;
				MTL_ENABLE_DEBUG_INFO = NO;
				SDKROOT = iphoneos;
				TARGETED_DEVICE_FAMILY = "1,2";
				VALIDATE_PRODUCT = YES;
			};
			name = Release;
		};
		E2D4F98A1D8247CA0029D65F /* Debug */ = {
			isa = XCBuildConfiguration;
			buildSettings = {
				ASSETCATALOG_COMPILER_APPICON_NAME = AppIcon;
				INFOPLIST_FILE = Weather/Info.plist;
				LD_RUNPATH_SEARCH_PATHS = "$(inherited) @executable_path/Frameworks";
				PRODUCT_BUNDLE_IDENTIFIER = com.jbthompson.Weather;
				PRODUCT_NAME = "$(TARGET_NAME)";
				SWIFT_VERSION = 3.0;
			};
			name = Debug;
		};
		E2D4F98B1D8247CA0029D65F /* Release */ = {
			isa = XCBuildConfiguration;
			buildSettings = {
				ASSETCATALOG_COMPILER_APPICON_NAME = AppIcon;
				INFOPLIST_FILE = Weather/Info.plist;
				LD_RUNPATH_SEARCH_PATHS = "$(inherited) @executable_path/Frameworks";
				PRODUCT_BUNDLE_IDENTIFIER = com.jbthompson.Weather;
				PRODUCT_NAME = "$(TARGET_NAME)";
				SWIFT_VERSION = 3.0;
			};
			name = Release;
		};
		E2D4F98D1D8247CA0029D65F /* Debug */ = {
			isa = XCBuildConfiguration;
			buildSettings = {
				BUNDLE_LOADER = "$(TEST_HOST)";
				INFOPLIST_FILE = WeatherTests/Info.plist;
				LD_RUNPATH_SEARCH_PATHS = "$(inherited) @executable_path/Frameworks @loader_path/Frameworks";
				PRODUCT_BUNDLE_IDENTIFIER = com.jbthompson.WeatherTests;
				PRODUCT_NAME = "$(TARGET_NAME)";
				SWIFT_VERSION = 3.0;
				TEST_HOST = "$(BUILT_PRODUCTS_DIR)/Weather.app/Weather";
			};
			name = Debug;
		};
		E2D4F98E1D8247CA0029D65F /* Release */ = {
			isa = XCBuildConfiguration;
			buildSettings = {
				BUNDLE_LOADER = "$(TEST_HOST)";
				INFOPLIST_FILE = WeatherTests/Info.plist;
				LD_RUNPATH_SEARCH_PATHS = "$(inherited) @executable_path/Frameworks @loader_path/Frameworks";
				PRODUCT_BUNDLE_IDENTIFIER = com.jbthompson.WeatherTests;
				PRODUCT_NAME = "$(TARGET_NAME)";
				SWIFT_VERSION = 3.0;
				TEST_HOST = "$(BUILT_PRODUCTS_DIR)/Weather.app/Weather";
			};
			name = Release;
		};
		E2D4F9901D8247CA0029D65F /* Debug */ = {
			isa = XCBuildConfiguration;
			buildSettings = {
				INFOPLIST_FILE = WeatherUITests/Info.plist;
				LD_RUNPATH_SEARCH_PATHS = "$(inherited) @executable_path/Frameworks @loader_path/Frameworks";
				PRODUCT_BUNDLE_IDENTIFIER = com.jbthompson.WeatherUITests;
				PRODUCT_NAME = "$(TARGET_NAME)";
				SWIFT_VERSION = 3.0;
				TEST_TARGET_NAME = Weather;
			};
			name = Debug;
		};
		E2D4F9911D8247CA0029D65F /* Release */ = {
			isa = XCBuildConfiguration;
			buildSettings = {
				INFOPLIST_FILE = WeatherUITests/Info.plist;
				LD_RUNPATH_SEARCH_PATHS = "$(inherited) @executable_path/Frameworks @loader_path/Frameworks";
				PRODUCT_BUNDLE_IDENTIFIER = com.jbthompson.WeatherUITests;
				PRODUCT_NAME = "$(TARGET_NAME)";
				SWIFT_VERSION = 3.0;
				TEST_TARGET_NAME = Weather;
			};
			name = Release;
		};
/* End XCBuildConfiguration section */

/* Begin XCConfigurationList section */
		E2D4F95C1D8247CA0029D65F /* Build configuration list for PBXProject "Weather" */ = {
			isa = XCConfigurationList;
			buildConfigurations = (
				E2D4F9871D8247CA0029D65F /* Debug */,
				E2D4F9881D8247CA0029D65F /* Release */,
			);
			defaultConfigurationIsVisible = 0;
			defaultConfigurationName = Release;
		};
		E2D4F9891D8247CA0029D65F /* Build configuration list for PBXNativeTarget "Weather" */ = {
			isa = XCConfigurationList;
			buildConfigurations = (
				E2D4F98A1D8247CA0029D65F /* Debug */,
				E2D4F98B1D8247CA0029D65F /* Release */,
			);
			defaultConfigurationIsVisible = 0;
			defaultConfigurationName = Release;
		};
		E2D4F98C1D8247CA0029D65F /* Build configuration list for PBXNativeTarget "WeatherTests" */ = {
			isa = XCConfigurationList;
			buildConfigurations = (
				E2D4F98D1D8247CA0029D65F /* Debug */,
				E2D4F98E1D8247CA0029D65F /* Release */,
			);
			defaultConfigurationIsVisible = 0;
			defaultConfigurationName = Release;
		};
		E2D4F98F1D8247CA0029D65F /* Build configuration list for PBXNativeTarget "WeatherUITests" */ = {
			isa = XCConfigurationList;
			buildConfigurations = (
				E2D4F9901D8247CA0029D65F /* Debug */,
				E2D4F9911D8247CA0029D65F /* Release */,
			);
			defaultConfigurationIsVisible = 0;
			defaultConfigurationName = Release;
		};
/* End XCConfigurationList section */
	};
	rootObject = E2D4F9591D8247CA0029D65F /* Project object */;
}
